// !$*UTF8*$!
{
	archiveVersion = 1;
	classes = {
	};
	objectVersion = 46;
	objects = {

/* Begin PBXBuildFile section */
		B90AAEEB184C1E59003A302E /* icon58.png in Resources */ = {isa = PBXBuildFile; fileRef = B90AAEEA184C1E59003A302E /* icon58.png */; };
		B90AAEED184C1E5F003A302E /* icon80.png in Resources */ = {isa = PBXBuildFile; fileRef = B90AAEEC184C1E5F003A302E /* icon80.png */; };
		B90AAEEF184C1E64003A302E /* icon120.png in Resources */ = {isa = PBXBuildFile; fileRef = B90AAEEE184C1E64003A302E /* icon120.png */; };
		B912A9AD1CD9108C00DF5768 /* 670.wav in Resources */ = {isa = PBXBuildFile; fileRef = B912A9AB1CD9108C00DF5768 /* 670.wav */; };
		B912A9AE1CD9108C00DF5768 /* 1000.wav in Resources */ = {isa = PBXBuildFile; fileRef = B912A9AC1CD9108C00DF5768 /* 1000.wav */; };
		B912BBED1B73394400C3C09C /* GPSModel2.swift in Sources */ = {isa = PBXBuildFile; fileRef = B912BBEC1B73394400C3C09C /* GPSModel2.swift */; };
		B91E5F9F1C7F83A2000CB068 /* MapViewController.swift in Sources */ = {isa = PBXBuildFile; fileRef = B91E5F9E1C7F83A2000CB068 /* MapViewController.swift */; };
		B924577E1DB1DB92007B21C4 /* logo.png in Resources */ = {isa = PBXBuildFile; fileRef = B924577D1DB1DB92007B21C4 /* logo.png */; };
		B92457821DB1DDBB007B21C4 /* LaunchScreen.storyboard in Resources */ = {isa = PBXBuildFile; fileRef = B92457811DB1DDBB007B21C4 /* LaunchScreen.storyboard */; };
		B93D61091BBF574A0092CD5C /* GPSAppDelegate2.swift in Sources */ = {isa = PBXBuildFile; fileRef = B93D61081BBF574A0092CD5C /* GPSAppDelegate2.swift */; };
		B93D610D1BBF60DB0092CD5C /* TargetsViewController2.swift in Sources */ = {isa = PBXBuildFile; fileRef = B93D610C1BBF60DB0092CD5C /* TargetsViewController2.swift */; };
		B95B688C1C908DF0008E6CD3 /* CompassView.swift in Sources */ = {isa = PBXBuildFile; fileRef = B95B688B1C908DEF008E6CD3 /* CompassView.swift */; };
		B95B688E1C90B6AF008E6CD3 /* BareCompassView.swift in Sources */ = {isa = PBXBuildFile; fileRef = B95B688D1C90B6AF008E6CD3 /* BareCompassView.swift */; };
		B95B68901C90BC92008E6CD3 /* CompassBGView.swift in Sources */ = {isa = PBXBuildFile; fileRef = B95B688F1C90BC92008E6CD3 /* CompassBGView.swift */; };
		B95B68921C90BF30008E6CD3 /* NeedleView.swift in Sources */ = {isa = PBXBuildFile; fileRef = B95B68911C90BF30008E6CD3 /* NeedleView.swift */; };
		B95B68961C90D18D008E6CD3 /* TargetMiniNeedleView.swift in Sources */ = {isa = PBXBuildFile; fileRef = B95B68951C90D18D008E6CD3 /* TargetMiniNeedleView.swift */; };
		B95B68981C911A39008E6CD3 /* CompassAnim.swift in Sources */ = {isa = PBXBuildFile; fileRef = B95B68971C911A39008E6CD3 /* CompassAnim.swift */; };
		B963D9AC1C9A0294003D024D /* PositionAnim.swift in Sources */ = {isa = PBXBuildFile; fileRef = B963D9AB1C9A0294003D024D /* PositionAnim.swift */; };
		B9692845184FB50A00998B77 /* icon114.png in Resources */ = {isa = PBXBuildFile; fileRef = B9692844184FB50A00998B77 /* icon114.png */; };
		B9692847184FB51100998B77 /* icon29.png in Resources */ = {isa = PBXBuildFile; fileRef = B9692846184FB51100998B77 /* icon29.png */; };
		B9692849184FB51700998B77 /* icon57.png in Resources */ = {isa = PBXBuildFile; fileRef = B9692848184FB51700998B77 /* icon57.png */; };
		B97E8DF41C91A4FA00B3291C /* TargetMiniInfoView.swift in Sources */ = {isa = PBXBuildFile; fileRef = B97E8DF31C91A4FA00B3291C /* TargetMiniInfoView.swift */; };
		B99D01151C9F9A0D00FA1FC2 /* MapModel.swift in Sources */ = {isa = PBXBuildFile; fileRef = B99D01141C9F9A0D00FA1FC2 /* MapModel.swift */; };
		B9AAA5DC1C9236190050F390 /* Settings.bundle in Resources */ = {isa = PBXBuildFile; fileRef = B9AAA5DB1C9236190050F390 /* Settings.bundle */; };
		B9AD659D1849733200E9C380 /* Foundation.framework in Frameworks */ = {isa = PBXBuildFile; fileRef = B9AD659C1849733200E9C380 /* Foundation.framework */; };
		B9AD659F1849733200E9C380 /* CoreGraphics.framework in Frameworks */ = {isa = PBXBuildFile; fileRef = B9AD659E1849733200E9C380 /* CoreGraphics.framework */; };
		B9AD65A11849733200E9C380 /* UIKit.framework in Frameworks */ = {isa = PBXBuildFile; fileRef = B9AD65A01849733200E9C380 /* UIKit.framework */; };
		B9AD65A71849733200E9C380 /* InfoPlist.strings in Resources */ = {isa = PBXBuildFile; fileRef = B9AD65A51849733200E9C380 /* InfoPlist.strings */; };
		B9AD65B01849733200E9C380 /* Main.storyboard in Resources */ = {isa = PBXBuildFile; fileRef = B9AD65AE1849733200E9C380 /* Main.storyboard */; };
		B9AD65B51849733200E9C380 /* Images.xcassets in Resources */ = {isa = PBXBuildFile; fileRef = B9AD65B41849733200E9C380 /* Images.xcassets */; };
		B9AD65D218497AAB00E9C380 /* CoreLocation.framework in Frameworks */ = {isa = PBXBuildFile; fileRef = B9AD65D118497AAB00E9C380 /* CoreLocation.framework */; };
		B9B7ECCC1CD81C78006ED4B0 /* MapLabelView.swift in Sources */ = {isa = PBXBuildFile; fileRef = B9B7ECCB1CD81C78006ED4B0 /* MapLabelView.swift */; };
		B9C85A0D1DA5EE72008F095A /* GameKit.framework in Frameworks */ = {isa = PBXBuildFile; fileRef = B9C85A0C1DA5EE72008F095A /* GameKit.framework */; };
		B9C85A0F1DA5EE7B008F095A /* StoreKit.framework in Frameworks */ = {isa = PBXBuildFile; fileRef = B9C85A0E1DA5EE7B008F095A /* StoreKit.framework */; };
		B9D4BAA91CD9467F00E8C8B7 /* 836.wav in Resources */ = {isa = PBXBuildFile; fileRef = B9D4BAA81CD9467F00E8C8B7 /* 836.wav */; };
		B9D542991C80CBD70063DCD8 /* MapCanvasView.swift in Sources */ = {isa = PBXBuildFile; fileRef = B9D542981C80CBD70063DCD8 /* MapCanvasView.swift */; };
		B9D672B21BBF6D85003DF8CF /* TargetViewController2.swift in Sources */ = {isa = PBXBuildFile; fileRef = B9D672B11BBF6D85003DF8CF /* TargetViewController2.swift */; };
		B9E3A2CC1BBE467100A5267C /* TargetCell2.swift in Sources */ = {isa = PBXBuildFile; fileRef = B9E3A2CB1BBE467100A5267C /* TargetCell2.swift */; };
		B9F0F78C1CA8B1510038F50E /* MapPointView.swift in Sources */ = {isa = PBXBuildFile; fileRef = B9F0F78B1CA8B1510038F50E /* MapPointView.swift */; };
/* End PBXBuildFile section */

/* Begin PBXFileReference section */
		B90AAEEA184C1E59003A302E /* icon58.png */ = {isa = PBXFileReference; lastKnownFileType = image.png; path = icon58.png; sourceTree = "<group>"; };
		B90AAEEC184C1E5F003A302E /* icon80.png */ = {isa = PBXFileReference; lastKnownFileType = image.png; path = icon80.png; sourceTree = "<group>"; };
		B90AAEEE184C1E64003A302E /* icon120.png */ = {isa = PBXFileReference; lastKnownFileType = image.png; path = icon120.png; sourceTree = "<group>"; };
		B912A9AB1CD9108C00DF5768 /* 670.wav */ = {isa = PBXFileReference; lastKnownFileType = audio.wav; path = 670.wav; sourceTree = "<group>"; };
		B912A9AC1CD9108C00DF5768 /* 1000.wav */ = {isa = PBXFileReference; lastKnownFileType = audio.wav; path = 1000.wav; sourceTree = "<group>"; };
		B912BBEC1B73394400C3C09C /* GPSModel2.swift */ = {isa = PBXFileReference; fileEncoding = 4; lastKnownFileType = sourcecode.swift; path = GPSModel2.swift; sourceTree = "<group>"; };
		B91E5F9E1C7F83A2000CB068 /* MapViewController.swift */ = {isa = PBXFileReference; fileEncoding = 4; lastKnownFileType = sourcecode.swift; path = MapViewController.swift; sourceTree = "<group>"; };
		B924577D1DB1DB92007B21C4 /* logo.png */ = {isa = PBXFileReference; lastKnownFileType = image.png; path = logo.png; sourceTree = "<group>"; };
		B92457811DB1DDBB007B21C4 /* LaunchScreen.storyboard */ = {isa = PBXFileReference; fileEncoding = 4; lastKnownFileType = file.storyboard; path = LaunchScreen.storyboard; sourceTree = "<group>"; };
		B93D61081BBF574A0092CD5C /* GPSAppDelegate2.swift */ = {isa = PBXFileReference; fileEncoding = 4; lastKnownFileType = sourcecode.swift; path = GPSAppDelegate2.swift; sourceTree = "<group>"; };
		B93D610C1BBF60DB0092CD5C /* TargetsViewController2.swift */ = {isa = PBXFileReference; fileEncoding = 4; lastKnownFileType = sourcecode.swift; path = TargetsViewController2.swift; sourceTree = "<group>"; };
		B95B5D3D1C8F6099002EAEA6 /* SimplestGPS-Bridging-Header.h */ = {isa = PBXFileReference; fileEncoding = 4; lastKnownFileType = sourcecode.c.h; path = "SimplestGPS-Bridging-Header.h"; sourceTree = "<group>"; };
		B95B688B1C908DEF008E6CD3 /* CompassView.swift */ = {isa = PBXFileReference; fileEncoding = 4; lastKnownFileType = sourcecode.swift; path = CompassView.swift; sourceTree = "<group>"; };
		B95B688D1C90B6AF008E6CD3 /* BareCompassView.swift */ = {isa = PBXFileReference; fileEncoding = 4; lastKnownFileType = sourcecode.swift; path = BareCompassView.swift; sourceTree = "<group>"; };
		B95B688F1C90BC92008E6CD3 /* CompassBGView.swift */ = {isa = PBXFileReference; fileEncoding = 4; lastKnownFileType = sourcecode.swift; path = CompassBGView.swift; sourceTree = "<group>"; };
		B95B68911C90BF30008E6CD3 /* NeedleView.swift */ = {isa = PBXFileReference; fileEncoding = 4; lastKnownFileType = sourcecode.swift; path = NeedleView.swift; sourceTree = "<group>"; };
		B95B68951C90D18D008E6CD3 /* TargetMiniNeedleView.swift */ = {isa = PBXFileReference; fileEncoding = 4; lastKnownFileType = sourcecode.swift; path = TargetMiniNeedleView.swift; sourceTree = "<group>"; };
		B95B68971C911A39008E6CD3 /* CompassAnim.swift */ = {isa = PBXFileReference; fileEncoding = 4; lastKnownFileType = sourcecode.swift; path = CompassAnim.swift; sourceTree = "<group>"; };
		B963D9AB1C9A0294003D024D /* PositionAnim.swift */ = {isa = PBXFileReference; fileEncoding = 4; lastKnownFileType = sourcecode.swift; path = PositionAnim.swift; sourceTree = "<group>"; };
		B9692844184FB50A00998B77 /* icon114.png */ = {isa = PBXFileReference; lastKnownFileType = image.png; path = icon114.png; sourceTree = "<group>"; };
		B9692846184FB51100998B77 /* icon29.png */ = {isa = PBXFileReference; lastKnownFileType = image.png; path = icon29.png; sourceTree = "<group>"; };
		B9692848184FB51700998B77 /* icon57.png */ = {isa = PBXFileReference; lastKnownFileType = image.png; path = icon57.png; sourceTree = "<group>"; };
		B97E8DF31C91A4FA00B3291C /* TargetMiniInfoView.swift */ = {isa = PBXFileReference; fileEncoding = 4; lastKnownFileType = sourcecode.swift; path = TargetMiniInfoView.swift; sourceTree = "<group>"; };
		B99D01141C9F9A0D00FA1FC2 /* MapModel.swift */ = {isa = PBXFileReference; fileEncoding = 4; lastKnownFileType = sourcecode.swift; path = MapModel.swift; sourceTree = "<group>"; };
		B9AAA5DB1C9236190050F390 /* Settings.bundle */ = {isa = PBXFileReference; lastKnownFileType = "wrapper.plug-in"; path = Settings.bundle; sourceTree = "<group>"; };
		B9AD65991849733200E9C380 /* SimplestGPS.app */ = {isa = PBXFileReference; explicitFileType = wrapper.application; includeInIndex = 0; path = SimplestGPS.app; sourceTree = BUILT_PRODUCTS_DIR; };
		B9AD659C1849733200E9C380 /* Foundation.framework */ = {isa = PBXFileReference; lastKnownFileType = wrapper.framework; name = Foundation.framework; path = System/Library/Frameworks/Foundation.framework; sourceTree = SDKROOT; };
		B9AD659E1849733200E9C380 /* CoreGraphics.framework */ = {isa = PBXFileReference; lastKnownFileType = wrapper.framework; name = CoreGraphics.framework; path = System/Library/Frameworks/CoreGraphics.framework; sourceTree = SDKROOT; };
		B9AD65A01849733200E9C380 /* UIKit.framework */ = {isa = PBXFileReference; lastKnownFileType = wrapper.framework; name = UIKit.framework; path = System/Library/Frameworks/UIKit.framework; sourceTree = SDKROOT; };
		B9AD65A41849733200E9C380 /* SimplestGPS-Info.plist */ = {isa = PBXFileReference; lastKnownFileType = text.plist.xml; path = "SimplestGPS-Info.plist"; sourceTree = "<group>"; };
		B9AD65A61849733200E9C380 /* en */ = {isa = PBXFileReference; lastKnownFileType = text.plist.strings; name = en; path = en.lproj/InfoPlist.strings; sourceTree = "<group>"; };
		B9AD65AA1849733200E9C380 /* SimplestGPS-Prefix.pch */ = {isa = PBXFileReference; lastKnownFileType = sourcecode.c.h; path = "SimplestGPS-Prefix.pch"; sourceTree = "<group>"; };
		B9AD65AF1849733200E9C380 /* Base */ = {isa = PBXFileReference; lastKnownFileType = file.storyboard; name = Base; path = Base.lproj/Main.storyboard; sourceTree = "<group>"; };
		B9AD65B41849733200E9C380 /* Images.xcassets */ = {isa = PBXFileReference; lastKnownFileType = folder.assetcatalog; path = Images.xcassets; sourceTree = "<group>"; };
		B9AD65D118497AAB00E9C380 /* CoreLocation.framework */ = {isa = PBXFileReference; lastKnownFileType = wrapper.framework; name = CoreLocation.framework; path = System/Library/Frameworks/CoreLocation.framework; sourceTree = SDKROOT; };
		B9B7ECCB1CD81C78006ED4B0 /* MapLabelView.swift */ = {isa = PBXFileReference; fileEncoding = 4; lastKnownFileType = sourcecode.swift; path = MapLabelView.swift; sourceTree = "<group>"; };
		B9C85A0B1DA5E8DF008F095A /* SimplestGPS.entitlements */ = {isa = PBXFileReference; lastKnownFileType = text.plist.entitlements; path = SimplestGPS.entitlements; sourceTree = "<group>"; };
		B9C85A0C1DA5EE72008F095A /* GameKit.framework */ = {isa = PBXFileReference; lastKnownFileType = wrapper.framework; name = GameKit.framework; path = System/Library/Frameworks/GameKit.framework; sourceTree = SDKROOT; };
		B9C85A0E1DA5EE7B008F095A /* StoreKit.framework */ = {isa = PBXFileReference; lastKnownFileType = wrapper.framework; name = StoreKit.framework; path = System/Library/Frameworks/StoreKit.framework; sourceTree = SDKROOT; };
		B9D4BAA81CD9467F00E8C8B7 /* 836.wav */ = {isa = PBXFileReference; lastKnownFileType = audio.wav; path = 836.wav; sourceTree = "<group>"; };
		B9D542981C80CBD70063DCD8 /* MapCanvasView.swift */ = {isa = PBXFileReference; fileEncoding = 4; lastKnownFileType = sourcecode.swift; path = MapCanvasView.swift; sourceTree = "<group>"; };
		B9D672B11BBF6D85003DF8CF /* TargetViewController2.swift */ = {isa = PBXFileReference; fileEncoding = 4; lastKnownFileType = sourcecode.swift; path = TargetViewController2.swift; sourceTree = "<group>"; };
		B9E3A2CB1BBE467100A5267C /* TargetCell2.swift */ = {isa = PBXFileReference; fileEncoding = 4; lastKnownFileType = sourcecode.swift; path = TargetCell2.swift; sourceTree = "<group>"; };
		B9F0F78B1CA8B1510038F50E /* MapPointView.swift */ = {isa = PBXFileReference; fileEncoding = 4; lastKnownFileType = sourcecode.swift; path = MapPointView.swift; sourceTree = "<group>"; };
/* End PBXFileReference section */

/* Begin PBXFrameworksBuildPhase section */
		B9AD65961849733200E9C380 /* Frameworks */ = {
			isa = PBXFrameworksBuildPhase;
			buildActionMask = 2147483647;
			files = (
				B9AD65D218497AAB00E9C380 /* CoreLocation.framework in Frameworks */,
				B9C85A0F1DA5EE7B008F095A /* StoreKit.framework in Frameworks */,
				B9AD659F1849733200E9C380 /* CoreGraphics.framework in Frameworks */,
				B9AD65A11849733200E9C380 /* UIKit.framework in Frameworks */,
				B9C85A0D1DA5EE72008F095A /* GameKit.framework in Frameworks */,
				B9AD659D1849733200E9C380 /* Foundation.framework in Frameworks */,
			);
			runOnlyForDeploymentPostprocessing = 0;
		};
/* End PBXFrameworksBuildPhase section */

/* Begin PBXGroup section */
		B9AD65901849733200E9C380 = {
			isa = PBXGroup;
			children = (
				B9692848184FB51700998B77 /* icon57.png */,
				B9692846184FB51100998B77 /* icon29.png */,
				B9692844184FB50A00998B77 /* icon114.png */,
				B90AAEEE184C1E64003A302E /* icon120.png */,
				B90AAEEC184C1E5F003A302E /* icon80.png */,
				B90AAEEA184C1E59003A302E /* icon58.png */,
				B9AD65A21849733200E9C380 /* SimplestGPS */,
				B9AD659B1849733200E9C380 /* Frameworks */,
				B9AD659A1849733200E9C380 /* Products */,
			);
			sourceTree = "<group>";
		};
		B9AD659A1849733200E9C380 /* Products */ = {
			isa = PBXGroup;
			children = (
				B9AD65991849733200E9C380 /* SimplestGPS.app */,
			);
			name = Products;
			sourceTree = "<group>";
		};
		B9AD659B1849733200E9C380 /* Frameworks */ = {
			isa = PBXGroup;
			children = (
				B9C85A0E1DA5EE7B008F095A /* StoreKit.framework */,
				B9C85A0C1DA5EE72008F095A /* GameKit.framework */,
				B9AD65D118497AAB00E9C380 /* CoreLocation.framework */,
				B9AD659C1849733200E9C380 /* Foundation.framework */,
				B9AD659E1849733200E9C380 /* CoreGraphics.framework */,
				B9AD65A01849733200E9C380 /* UIKit.framework */,
			);
			name = Frameworks;
			sourceTree = "<group>";
		};
		B9AD65A21849733200E9C380 /* SimplestGPS */ = {
			isa = PBXGroup;
			children = (
				B924577D1DB1DB92007B21C4 /* logo.png */,
				B9C85A0B1DA5E8DF008F095A /* SimplestGPS.entitlements */,
				B9D4BAA81CD9467F00E8C8B7 /* 836.wav */,
				B912A9AB1CD9108C00DF5768 /* 670.wav */,
				B912A9AC1CD9108C00DF5768 /* 1000.wav */,
				B99D01141C9F9A0D00FA1FC2 /* MapModel.swift */,
				B912BBEC1B73394400C3C09C /* GPSModel2.swift */,
				B9AAA5DB1C9236190050F390 /* Settings.bundle */,
				B95B5D3D1C8F6099002EAEA6 /* SimplestGPS-Bridging-Header.h */,
				B91E5F9E1C7F83A2000CB068 /* MapViewController.swift */,
				B9D542981C80CBD70063DCD8 /* MapCanvasView.swift */,
				B9B7ECCB1CD81C78006ED4B0 /* MapLabelView.swift */,
				B9F0F78B1CA8B1510038F50E /* MapPointView.swift */,
				B963D9AB1C9A0294003D024D /* PositionAnim.swift */,
				B95B688B1C908DEF008E6CD3 /* CompassView.swift */,
				B95B68971C911A39008E6CD3 /* CompassAnim.swift */,
				B95B688D1C90B6AF008E6CD3 /* BareCompassView.swift */,
				B95B68951C90D18D008E6CD3 /* TargetMiniNeedleView.swift */,
				B97E8DF31C91A4FA00B3291C /* TargetMiniInfoView.swift */,
				B95B68911C90BF30008E6CD3 /* NeedleView.swift */,
				B95B688F1C90BC92008E6CD3 /* CompassBGView.swift */,
				B93D61081BBF574A0092CD5C /* GPSAppDelegate2.swift */,
				B9AD65AE1849733200E9C380 /* Main.storyboard */,
				B9E3A2CB1BBE467100A5267C /* TargetCell2.swift */,
				B93D610C1BBF60DB0092CD5C /* TargetsViewController2.swift */,
				B9D672B11BBF6D85003DF8CF /* TargetViewController2.swift */,
				B92457811DB1DDBB007B21C4 /* LaunchScreen.storyboard */,
				B9AD65A31849733200E9C380 /* Supporting Files */,
			);
			path = SimplestGPS;
			sourceTree = "<group>";
		};
		B9AD65A31849733200E9C380 /* Supporting Files */ = {
			isa = PBXGroup;
			children = (
				B9AD65A41849733200E9C380 /* SimplestGPS-Info.plist */,
				B9AD65A51849733200E9C380 /* InfoPlist.strings */,
				B9AD65AA1849733200E9C380 /* SimplestGPS-Prefix.pch */,
				B9AD65B41849733200E9C380 /* Images.xcassets */,
			);
			name = "Supporting Files";
			sourceTree = "<group>";
		};
/* End PBXGroup section */

/* Begin PBXNativeTarget section */
		B9AD65981849733200E9C380 /* SimplestGPS */ = {
			isa = PBXNativeTarget;
			buildConfigurationList = B9AD65CB1849733200E9C380 /* Build configuration list for PBXNativeTarget "SimplestGPS" */;
			buildPhases = (
				B9AD65951849733200E9C380 /* Sources */,
				B9AD65961849733200E9C380 /* Frameworks */,
				B9AD65971849733200E9C380 /* Resources */,
			);
			buildRules = (
			);
			dependencies = (
			);
			name = SimplestGPS;
			productName = SimplestGPS;
			productReference = B9AD65991849733200E9C380 /* SimplestGPS.app */;
			productType = "com.apple.product-type.application";
		};
/* End PBXNativeTarget section */

/* Begin PBXProject section */
		B9AD65911849733200E9C380 /* Project object */ = {
			isa = PBXProject;
			attributes = {
				CLASSPREFIX = GPS;
				LastSwiftUpdateCheck = 0700;
				LastUpgradeCheck = 1010;
				ORGANIZATIONNAME = "Elvis Pfutzenreuter";
				TargetAttributes = {
					B9AD65981849733200E9C380 = {
						DevelopmentTeam = LUPFH54KMA;
						LastSwiftMigration = 1010;
						ProvisioningStyle = Automatic;
						SystemCapabilities = {
							com.apple.GameCenter = {
								enabled = 1;
							};
							com.apple.InAppPurchase = {
								enabled = 1;
							};
							com.apple.Push = {
								enabled = 1;
							};
							com.apple.iCloud = {
								enabled = 1;
							};
						};
					};
				};
			};
			buildConfigurationList = B9AD65941849733200E9C380 /* Build configuration list for PBXProject "SimplestGPS" */;
			compatibilityVersion = "Xcode 3.2";
			developmentRegion = English;
			hasScannedForEncodings = 0;
			knownRegions = (
				en,
				Base,
			);
			mainGroup = B9AD65901849733200E9C380;
			productRefGroup = B9AD659A1849733200E9C380 /* Products */;
			projectDirPath = "";
			projectRoot = "";
			targets = (
				B9AD65981849733200E9C380 /* SimplestGPS */,
			);
		};
/* End PBXProject section */

/* Begin PBXResourcesBuildPhase section */
		B9AD65971849733200E9C380 /* Resources */ = {
			isa = PBXResourcesBuildPhase;
			buildActionMask = 2147483647;
			files = (
				B9AD65B51849733200E9C380 /* Images.xcassets in Resources */,
				B912A9AE1CD9108C00DF5768 /* 1000.wav in Resources */,
				B9692845184FB50A00998B77 /* icon114.png in Resources */,
				B9AAA5DC1C9236190050F390 /* Settings.bundle in Resources */,
				B9692849184FB51700998B77 /* icon57.png in Resources */,
				B9AD65A71849733200E9C380 /* InfoPlist.strings in Resources */,
				B90AAEEF184C1E64003A302E /* icon120.png in Resources */,
				B9AD65B01849733200E9C380 /* Main.storyboard in Resources */,
				B90AAEEB184C1E59003A302E /* icon58.png in Resources */,
				B92457821DB1DDBB007B21C4 /* LaunchScreen.storyboard in Resources */,
				B90AAEED184C1E5F003A302E /* icon80.png in Resources */,
				B9D4BAA91CD9467F00E8C8B7 /* 836.wav in Resources */,
				B924577E1DB1DB92007B21C4 /* logo.png in Resources */,
				B912A9AD1CD9108C00DF5768 /* 670.wav in Resources */,
				B9692847184FB51100998B77 /* icon29.png in Resources */,
			);
			runOnlyForDeploymentPostprocessing = 0;
		};
/* End PBXResourcesBuildPhase section */

/* Begin PBXSourcesBuildPhase section */
		B9AD65951849733200E9C380 /* Sources */ = {
			isa = PBXSourcesBuildPhase;
			buildActionMask = 2147483647;
			files = (
				B97E8DF41C91A4FA00B3291C /* TargetMiniInfoView.swift in Sources */,
				B93D61091BBF574A0092CD5C /* GPSAppDelegate2.swift in Sources */,
				B93D610D1BBF60DB0092CD5C /* TargetsViewController2.swift in Sources */,
				B9D672B21BBF6D85003DF8CF /* TargetViewController2.swift in Sources */,
				B9B7ECCC1CD81C78006ED4B0 /* MapLabelView.swift in Sources */,
				B95B68921C90BF30008E6CD3 /* NeedleView.swift in Sources */,
				B9D542991C80CBD70063DCD8 /* MapCanvasView.swift in Sources */,
				B95B68901C90BC92008E6CD3 /* CompassBGView.swift in Sources */,
				B9E3A2CC1BBE467100A5267C /* TargetCell2.swift in Sources */,
				B99D01151C9F9A0D00FA1FC2 /* MapModel.swift in Sources */,
				B95B68981C911A39008E6CD3 /* CompassAnim.swift in Sources */,
				B95B688C1C908DF0008E6CD3 /* CompassView.swift in Sources */,
				B9F0F78C1CA8B1510038F50E /* MapPointView.swift in Sources */,
				B95B68961C90D18D008E6CD3 /* TargetMiniNeedleView.swift in Sources */,
				B912BBED1B73394400C3C09C /* GPSModel2.swift in Sources */,
				B91E5F9F1C7F83A2000CB068 /* MapViewController.swift in Sources */,
				B963D9AC1C9A0294003D024D /* PositionAnim.swift in Sources */,
				B95B688E1C90B6AF008E6CD3 /* BareCompassView.swift in Sources */,
			);
			runOnlyForDeploymentPostprocessing = 0;
		};
/* End PBXSourcesBuildPhase section */

/* Begin PBXVariantGroup section */
		B9AD65A51849733200E9C380 /* InfoPlist.strings */ = {
			isa = PBXVariantGroup;
			children = (
				B9AD65A61849733200E9C380 /* en */,
			);
			name = InfoPlist.strings;
			sourceTree = "<group>";
		};
		B9AD65AE1849733200E9C380 /* Main.storyboard */ = {
			isa = PBXVariantGroup;
			children = (
				B9AD65AF1849733200E9C380 /* Base */,
			);
			name = Main.storyboard;
			sourceTree = "<group>";
		};
/* End PBXVariantGroup section */

/* Begin XCBuildConfiguration section */
		B9AD65C91849733200E9C380 /* Debug */ = {
			isa = XCBuildConfiguration;
			buildSettings = {
				ALWAYS_SEARCH_USER_PATHS = NO;
				CLANG_CXX_LANGUAGE_STANDARD = "gnu++0x";
				CLANG_CXX_LIBRARY = "libc++";
				CLANG_ENABLE_MODULES = YES;
				CLANG_ENABLE_OBJC_ARC = YES;
				CLANG_WARN_BLOCK_CAPTURE_AUTORELEASING = YES;
				CLANG_WARN_BOOL_CONVERSION = YES;
				CLANG_WARN_COMMA = YES;
				CLANG_WARN_CONSTANT_CONVERSION = YES;
				CLANG_WARN_DEPRECATED_OBJC_IMPLEMENTATIONS = YES;
				CLANG_WARN_DIRECT_OBJC_ISA_USAGE = YES_ERROR;
				CLANG_WARN_EMPTY_BODY = YES;
				CLANG_WARN_ENUM_CONVERSION = YES;
				CLANG_WARN_INFINITE_RECURSION = YES;
				CLANG_WARN_INT_CONVERSION = YES;
				CLANG_WARN_NON_LITERAL_NULL_CONVERSION = YES;
				CLANG_WARN_OBJC_IMPLICIT_RETAIN_SELF = YES;
				CLANG_WARN_OBJC_LITERAL_CONVERSION = YES;
				CLANG_WARN_OBJC_ROOT_CLASS = YES_ERROR;
				CLANG_WARN_RANGE_LOOP_ANALYSIS = YES;
				CLANG_WARN_STRICT_PROTOTYPES = YES;
				CLANG_WARN_SUSPICIOUS_MOVE = YES;
				CLANG_WARN_UNREACHABLE_CODE = YES;
				CLANG_WARN__DUPLICATE_METHOD_MATCH = YES;
				CODE_SIGN_ENTITLEMENTS = SimplestGPS/SimplestGPS.entitlements;
				CODE_SIGN_IDENTITY = "iPhone Developer";
				"CODE_SIGN_IDENTITY[sdk=iphoneos*]" = "iPhone Developer";
				COPY_PHASE_STRIP = NO;
				ENABLE_STRICT_OBJC_MSGSEND = YES;
				ENABLE_TESTABILITY = YES;
				GCC_C_LANGUAGE_STANDARD = gnu99;
				GCC_DYNAMIC_NO_PIC = NO;
				GCC_NO_COMMON_BLOCKS = YES;
				GCC_OPTIMIZATION_LEVEL = 0;
				GCC_PREPROCESSOR_DEFINITIONS = (
					"DEBUG=1",
					"$(inherited)",
				);
				GCC_SYMBOLS_PRIVATE_EXTERN = NO;
				GCC_WARN_64_TO_32_BIT_CONVERSION = YES;
				GCC_WARN_ABOUT_RETURN_TYPE = YES_ERROR;
				GCC_WARN_UNDECLARED_SELECTOR = YES;
				GCC_WARN_UNINITIALIZED_AUTOS = YES;
				GCC_WARN_UNUSED_FUNCTION = YES;
				GCC_WARN_UNUSED_VARIABLE = YES;
				IPHONEOS_DEPLOYMENT_TARGET = 9.0;
				ONLY_ACTIVE_ARCH = YES;
				SDKROOT = iphoneos;
			};
			name = Debug;
		};
		B9AD65CA1849733200E9C380 /* Release */ = {
			isa = XCBuildConfiguration;
			buildSettings = {
				ALWAYS_SEARCH_USER_PATHS = NO;
				CLANG_CXX_LANGUAGE_STANDARD = "gnu++0x";
				CLANG_CXX_LIBRARY = "libc++";
				CLANG_ENABLE_MODULES = YES;
				CLANG_ENABLE_OBJC_ARC = YES;
				CLANG_WARN_BLOCK_CAPTURE_AUTORELEASING = YES;
				CLANG_WARN_BOOL_CONVERSION = YES;
				CLANG_WARN_COMMA = YES;
				CLANG_WARN_CONSTANT_CONVERSION = YES;
				CLANG_WARN_DEPRECATED_OBJC_IMPLEMENTATIONS = YES;
				CLANG_WARN_DIRECT_OBJC_ISA_USAGE = YES_ERROR;
				CLANG_WARN_EMPTY_BODY = YES;
				CLANG_WARN_ENUM_CONVERSION = YES;
				CLANG_WARN_INFINITE_RECURSION = YES;
				CLANG_WARN_INT_CONVERSION = YES;
				CLANG_WARN_NON_LITERAL_NULL_CONVERSION = YES;
				CLANG_WARN_OBJC_IMPLICIT_RETAIN_SELF = YES;
				CLANG_WARN_OBJC_LITERAL_CONVERSION = YES;
				CLANG_WARN_OBJC_ROOT_CLASS = YES_ERROR;
				CLANG_WARN_RANGE_LOOP_ANALYSIS = YES;
				CLANG_WARN_STRICT_PROTOTYPES = YES;
				CLANG_WARN_SUSPICIOUS_MOVE = YES;
				CLANG_WARN_UNREACHABLE_CODE = YES;
				CLANG_WARN__DUPLICATE_METHOD_MATCH = YES;
				CODE_SIGN_ENTITLEMENTS = SimplestGPS/SimplestGPS.entitlements;
				CODE_SIGN_IDENTITY = "iPhone Developer";
				"CODE_SIGN_IDENTITY[sdk=iphoneos*]" = "iPhone Developer";
				COPY_PHASE_STRIP = YES;
				ENABLE_NS_ASSERTIONS = NO;
				ENABLE_STRICT_OBJC_MSGSEND = YES;
				GCC_C_LANGUAGE_STANDARD = gnu99;
				GCC_NO_COMMON_BLOCKS = YES;
				GCC_WARN_64_TO_32_BIT_CONVERSION = YES;
				GCC_WARN_ABOUT_RETURN_TYPE = YES_ERROR;
				GCC_WARN_UNDECLARED_SELECTOR = YES;
				GCC_WARN_UNINITIALIZED_AUTOS = YES;
				GCC_WARN_UNUSED_FUNCTION = YES;
				GCC_WARN_UNUSED_VARIABLE = YES;
				IPHONEOS_DEPLOYMENT_TARGET = 9.0;
				SDKROOT = iphoneos;
				SWIFT_OPTIMIZATION_LEVEL = "-Owholemodule";
				VALIDATE_PRODUCT = YES;
			};
			name = Release;
		};
		B9AD65CC1849733200E9C380 /* Debug */ = {
			isa = XCBuildConfiguration;
			buildSettings = {
				CLANG_ENABLE_MODULES = YES;
				CODE_SIGN_IDENTITY = "iPhone Developer";
				"CODE_SIGN_IDENTITY[sdk=iphoneos*]" = "iPhone Developer";
				DEVELOPMENT_TEAM = LUPFH54KMA;
				GCC_PRECOMPILE_PREFIX_HEADER = YES;
				GCC_PREFIX_HEADER = "SimplestGPS/SimplestGPS-Prefix.pch";
				INFOPLIST_FILE = "SimplestGPS/SimplestGPS-Info.plist";
				IPHONEOS_DEPLOYMENT_TARGET = 9.0;
				LD_RUNPATH_SEARCH_PATHS = "$(inherited) @executable_path/Frameworks";
				PRODUCT_BUNDLE_IDENTIFIER = "br.com.epx.${PRODUCT_NAME:rfc1034identifier}";
				PRODUCT_NAME = "$(TARGET_NAME)";
				PROVISIONING_PROFILE = "";
				SWIFT_OBJC_BRIDGING_HEADER = "SimplestGPS/SimplestGPS-Bridging-Header.h";
				SWIFT_OPTIMIZATION_LEVEL = "-Onone";
				SWIFT_SWIFT3_OBJC_INFERENCE = On;
				SWIFT_VERSION = 4.2;
				WRAPPER_EXTENSION = app;
			};
			name = Debug;
		};
		B9AD65CD1849733200E9C380 /* Release */ = {
			isa = XCBuildConfiguration;
			buildSettings = {
				CLANG_ENABLE_MODULES = YES;
				CODE_SIGN_IDENTITY = "iPhone Developer";
				"CODE_SIGN_IDENTITY[sdk=iphoneos*]" = "iPhone Developer";
				DEVELOPMENT_TEAM = LUPFH54KMA;
				GCC_PRECOMPILE_PREFIX_HEADER = YES;
				GCC_PREFIX_HEADER = "SimplestGPS/SimplestGPS-Prefix.pch";
				INFOPLIST_FILE = "SimplestGPS/SimplestGPS-Info.plist";
				IPHONEOS_DEPLOYMENT_TARGET = 9.0;
				LD_RUNPATH_SEARCH_PATHS = "$(inherited) @executable_path/Frameworks";
				PRODUCT_BUNDLE_IDENTIFIER = "br.com.epx.${PRODUCT_NAME:rfc1034identifier}";
				PRODUCT_NAME = "$(TARGET_NAME)";
				PROVISIONING_PROFILE = "";
				SWIFT_OBJC_BRIDGING_HEADER = "SimplestGPS/SimplestGPS-Bridging-Header.h";
				SWIFT_SWIFT3_OBJC_INFERENCE = On;
				SWIFT_VERSION = 4.2;
				WRAPPER_EXTENSION = app;
			};
			name = Release;
		};
/* End XCBuildConfiguration section */

/* Begin XCConfigurationList section */
		B9AD65941849733200E9C380 /* Build configuration list for PBXProject "SimplestGPS" */ = {
			isa = XCConfigurationList;
			buildConfigurations = (
				B9AD65C91849733200E9C380 /* Debug */,
				B9AD65CA1849733200E9C380 /* Release */,
			);
			defaultConfigurationIsVisible = 0;
			defaultConfigurationName = Release;
		};
		B9AD65CB1849733200E9C380 /* Build configuration list for PBXNativeTarget "SimplestGPS" */ = {
			isa = XCConfigurationList;
			buildConfigurations = (
				B9AD65CC1849733200E9C380 /* Debug */,
				B9AD65CD1849733200E9C380 /* Release */,
			);
			defaultConfigurationIsVisible = 0;
			defaultConfigurationName = Release;
		};
/* End XCConfigurationList section */
	};
	rootObject = B9AD65911849733200E9C380 /* Project object */;
}
